
Microsoft Visual Studio Solution File, Format Version 12.00
# Visual Studio 15
VisualStudioVersion = 15.0.27428.2005
MinimumVisualStudioVersion = 10.0.40219.1
Project("{FAE04EC0-301F-11D3-BF4B-00C04F79EFBC}") = "Elemental", "Elemental\Elemental.csproj", "{1745FA74-3C10-401C-B5D1-B60B26CC4C8F}"
EndProject
Project("{FAE04EC0-301F-11D3-BF4B-00C04F79EFBC}") = "Camera", "Camera\Camera.csproj", "{3257BB3E-E351-410D-B5F4-749592C3E3AE}"
EndProject
Global
	GlobalSection(SolutionConfigurationPlatforms) = preSolution
		Debug|x86 = Debug|x86
		Release|x86 = Release|x86
	EndGlobalSection
	GlobalSection(ProjectConfigurationPlatforms) = postSolution
		{1745FA74-3C10-401C-B5D1-B60B26CC4C8F}.Debug|x86.ActiveCfg = Debug|x86
		{1745FA74-3C10-401C-B5D1-B60B26CC4C8F}.Debug|x86.Build.0 = Debug|x86
		{1745FA74-3C10-401C-B5D1-B60B26CC4C8F}.Release|x86.ActiveCfg = Release|x86
		{1745FA74-3C10-401C-B5D1-B60B26CC4C8F}.Release|x86.Build.0 = Release|x86
		{3257BB3E-E351-410D-B5F4-749592C3E3AE}.Debug|x86.ActiveCfg = Debug|x86
		{3257BB3E-E351-410D-B5F4-749592C3E3AE}.Debug|x86.Build.0 = Debug|x86
		{3257BB3E-E351-410D-B5F4-749592C3E3AE}.Release|x86.ActiveCfg = Release|x86
		{3257BB3E-E351-410D-B5F4-749592C3E3AE}.Release|x86.Build.0 = Release|x86
	EndGlobalSection
	GlobalSection(SolutionProperties) = preSolution
		HideSolutionNode = FALSE
	EndGlobalSection
	GlobalSection(ExtensibilityGlobals) = postSolution
		SolutionGuid = {9D39D9EB-DA9A-45E9-A22D-7A1AD402F7D1}
	EndGlobalSection
EndGlobal
